
Microsoft Visual Studio Solution File, Format Version 12.00
# Visual Studio Version 16
VisualStudioVersion = 16.0.29613.14
MinimumVisualStudioVersion = 10.0.40219.1
Project("{FAE04EC0-301F-11D3-BF4B-00C04F79EFBC}") = "azureapiercan", "azureapiercan\azureapiercan.csproj", "{72C12A28-EF89-48B4-A9E5-8A8CB1B77D8C}"
EndProject
Global
	GlobalSection(SolutionConfigurationPlatforms) = preSolution
		Debug|Any CPU = Debug|Any CPU
		Release|Any CPU = Release|Any CPU
	EndGlobalSection
	GlobalSection(ProjectConfigurationPlatforms) = postSolution
		{72C12A28-EF89-48B4-A9E5-8A8CB1B77D8C}.Debug|Any CPU.ActiveCfg = Debug|Any CPU
		{72C12A28-EF89-48B4-A9E5-8A8CB1B77D8C}.Debug|Any CPU.Build.0 = Debug|Any CPU
		{72C12A28-EF89-48B4-A9E5-8A8CB1B77D8C}.Release|Any CPU.ActiveCfg = Release|Any CPU
		{72C12A28-EF89-48B4-A9E5-8A8CB1B77D8C}.Release|Any CPU.Build.0 = Release|Any CPU
	EndGlobalSection
	GlobalSection(SolutionProperties) = preSolution
		HideSolutionNode = FALSE
	EndGlobalSection
	GlobalSection(ExtensibilityGlobals) = postSolution
		SolutionGuid = {3C069811-E76C-4D7E-9292-8BF6B1027F28}
	EndGlobalSection
EndGlobal
